
Microsoft Visual Studio Solution File, Format Version 12.00
# Visual Studio 15
VisualStudioVersion = 15.0.27428.2043
MinimumVisualStudioVersion = 10.0.40219.1
Project("{FAE04EC0-301F-11D3-BF4B-00C04F79EFBC}") = "Login.Android", "Login\Login.Android\Login.Android.csproj", "{E5FB6CCB-3D94-43B1-9F02-7CDE62AC18EB}"
EndProject
Project("{FAE04EC0-301F-11D3-BF4B-00C04F79EFBC}") = "Login.iOS", "Login\Login.iOS\Login.iOS.csproj", "{828DE5CB-DA62-4D12-BF86-29132BFC7CA2}"
EndProject
Project("{FAE04EC0-301F-11D3-BF4B-00C04F79EFBC}") = "Login.UWP", "Login\Login.UWP\Login.UWP.csproj", "{A9C73F0B-600D-4066-9182-D157F0132063}"
EndProject
Project("{FAE04EC0-301F-11D3-BF4B-00C04F79EFBC}") = "Login", "Login\Login\Login.csproj", "{328A5AD8-B156-4661-9AAB-F9409E078DA8}"
EndProject
Global
	GlobalSection(SolutionConfigurationPlatforms) = preSolution
		Ad-Hoc|Any CPU = Ad-Hoc|Any CPU
		Ad-Hoc|ARM = Ad-Hoc|ARM
		Ad-Hoc|iPhone = Ad-Hoc|iPhone
		Ad-Hoc|iPhoneSimulator = Ad-Hoc|iPhoneSimulator
		Ad-Hoc|x64 = Ad-Hoc|x64
		Ad-Hoc|x86 = Ad-Hoc|x86
		AppStore|Any CPU = AppStore|Any CPU
		AppStore|ARM = AppStore|ARM
		AppStore|iPhone = AppStore|iPhone
		AppStore|iPhoneSimulator = AppStore|iPhoneSimulator
		AppStore|x64 = AppStore|x64
		AppStore|x86 = AppStore|x86
		Debug|Any CPU = Debug|Any CPU
		Debug|ARM = Debug|ARM
		Debug|iPhone = Debug|iPhone
		Debug|iPhoneSimulator = Debug|iPhoneSimulator
		Debug|x64 = Debug|x64
		Debug|x86 = Debug|x86
		Release|Any CPU = Release|Any CPU
		Release|ARM = Release|ARM
		Release|iPhone = Release|iPhone
		Release|iPhoneSimulator = Release|iPhoneSimulator
		Release|x64 = Release|x64
		Release|x86 = Release|x86
	EndGlobalSection
	GlobalSection(ProjectConfigurationPlatforms) = postSolution
		{E5FB6CCB-3D94-43B1-9F02-7CDE62AC18EB}.Ad-Hoc|Any CPU.ActiveCfg = Release|Any CPU
		{E5FB6CCB-3D94-43B1-9F02-7CDE62AC18EB}.Ad-Hoc|Any CPU.Build.0 = Release|Any CPU
		{E5FB6CCB-3D94-43B1-9F02-7CDE62AC18EB}.Ad-Hoc|Any CPU.Deploy.0 = Release|Any CPU
		{E5FB6CCB-3D94-43B1-9F02-7CDE62AC18EB}.Ad-Hoc|ARM.ActiveCfg = Release|Any CPU
		{E5FB6CCB-3D94-43B1-9F02-7CDE62AC18EB}.Ad-Hoc|ARM.Build.0 = Release|Any CPU
		{E5FB6CCB-3D94-43B1-9F02-7CDE62AC18EB}.Ad-Hoc|ARM.Deploy.0 = Release|Any CPU
		{E5FB6CCB-3D94-43B1-9F02-7CDE62AC18EB}.Ad-Hoc|iPhone.ActiveCfg = Release|Any CPU
		{E5FB6CCB-3D94-43B1-9F02-7CDE62AC18EB}.Ad-Hoc|iPhone.Build.0 = Release|Any CPU
		{E5FB6CCB-3D94-43B1-9F02-7CDE62AC18EB}.Ad-Hoc|iPhone.Deploy.0 = Release|Any CPU
		{E5FB6CCB-3D94-43B1-9F02-7CDE62AC18EB}.Ad-Hoc|iPhoneSimulator.ActiveCfg = Release|Any CPU
		{E5FB6CCB-3D94-43B1-9F02-7CDE62AC18EB}.Ad-Hoc|iPhoneSimulator.Build.0 = Release|Any CPU
		{E5FB6CCB-3D94-43B1-9F02-7CDE62AC18EB}.Ad-Hoc|iPhoneSimulator.Deploy.0 = Release|Any CPU
		{E5FB6CCB-3D94-43B1-9F02-7CDE62AC18EB}.Ad-Hoc|x64.ActiveCfg = Release|Any CPU
		{E5FB6CCB-3D94-43B1-9F02-7CDE62AC18EB}.Ad-Hoc|x64.Build.0 = Release|Any CPU
		{E5FB6CCB-3D94-43B1-9F02-7CDE62AC18EB}.Ad-Hoc|x64.Deploy.0 = Release|Any CPU
		{E5FB6CCB-3D94-43B1-9F02-7CDE62AC18EB}.Ad-Hoc|x86.ActiveCfg = Release|Any CPU
		{E5FB6CCB-3D94-43B1-9F02-7CDE62AC18EB}.Ad-Hoc|x86.Build.0 = Release|Any CPU
		{E5FB6CCB-3D94-43B1-9F02-7CDE62AC18EB}.Ad-Hoc|x86.Deploy.0 = Release|Any CPU
		{E5FB6CCB-3D94-43B1-9F02-7CDE62AC18EB}.AppStore|Any CPU.ActiveCfg = Release|Any CPU
		{E5FB6CCB-3D94-43B1-9F02-7CDE62AC18EB}.AppStore|Any CPU.Build.0 = Release|Any CPU
		{E5FB6CCB-3D94-43B1-9F02-7CDE62AC18EB}.AppStore|Any CPU.Deploy.0 = Release|Any CPU
		{E5FB6CCB-3D94-43B1-9F02-7CDE62AC18EB}.AppStore|ARM.ActiveCfg = Release|Any CPU
		{E5FB6CCB-3D94-43B1-9F02-7CDE62AC18EB}.AppStore|ARM.Build.0 = Release|Any CPU
		{E5FB6CCB-3D94-43B1-9F02-7CDE62AC18EB}.AppStore|ARM.Deploy.0 = Release|Any CPU
		{E5FB6CCB-3D94-43B1-9F02-7CDE62AC18EB}.AppStore|iPhone.ActiveCfg = Release|Any CPU
		{E5FB6CCB-3D94-43B1-9F02-7CDE62AC18EB}.AppStore|iPhone.Build.0 = Release|Any CPU
		{E5FB6CCB-3D94-43B1-9F02-7CDE62AC18EB}.AppStore|iPhone.Deploy.0 = Release|Any CPU
		{E5FB6CCB-3D94-43B1-9F02-7CDE62AC18EB}.AppStore|iPhoneSimulator.ActiveCfg = Release|Any CPU
		{E5FB6CCB-3D94-43B1-9F02-7CDE62AC18EB}.AppStore|iPhoneSimulator.Build.0 = Release|Any CPU
		{E5FB6CCB-3D94-43B1-9F02-7CDE62AC18EB}.AppStore|iPhoneSimulator.Deploy.0 = Release|Any CPU
		{E5FB6CCB-3D94-43B1-9F02-7CDE62AC18EB}.AppStore|x64.ActiveCfg = Release|Any CPU
		{E5FB6CCB-3D94-43B1-9F02-7CDE62AC18EB}.AppStore|x64.Build.0 = Release|Any CPU
		{E5FB6CCB-3D94-43B1-9F02-7CDE62AC18EB}.AppStore|x64.Deploy.0 = Release|Any CPU
		{E5FB6CCB-3D94-43B1-9F02-7CDE62AC18EB}.AppStore|x86.ActiveCfg = Release|Any CPU
		{E5FB6CCB-3D94-43B1-9F02-7CDE62AC18EB}.AppStore|x86.Build.0 = Release|Any CPU
		{E5FB6CCB-3D94-43B1-9F02-7CDE62AC18EB}.AppStore|x86.Deploy.0 = Release|Any CPU
		{E5FB6CCB-3D94-43B1-9F02-7CDE62AC18EB}.Debug|Any CPU.ActiveCfg = Debug|Any CPU
		{E5FB6CCB-3D94-43B1-9F02-7CDE62AC18EB}.Debug|Any CPU.Build.0 = Debug|Any CPU
		{E5FB6CCB-3D94-43B1-9F02-7CDE62AC18EB}.Debug|Any CPU.Deploy.0 = Debug|Any CPU
		{E5FB6CCB-3D94-43B1-9F02-7CDE62AC18EB}.Debug|ARM.ActiveCfg = Debug|Any CPU
		{E5FB6CCB-3D94-43B1-9F02-7CDE62AC18EB}.Debug|ARM.Build.0 = Debug|Any CPU
		{E5FB6CCB-3D94-43B1-9F02-7CDE62AC18EB}.Debug|ARM.Deploy.0 = Debug|Any CPU
		{E5FB6CCB-3D94-43B1-9F02-7CDE62AC18EB}.Debug|iPhone.ActiveCfg = Debug|Any CPU
		{E5FB6CCB-3D94-43B1-9F02-7CDE62AC18EB}.Debug|iPhone.Build.0 = Debug|Any CPU
		{E5FB6CCB-3D94-43B1-9F02-7CDE62AC18EB}.Debug|iPhone.Deploy.0 = Debug|Any CPU
		{E5FB6CCB-3D94-43B1-9F02-7CDE62AC18EB}.Debug|iPhoneSimulator.ActiveCfg = Debug|Any CPU
		{E5FB6CCB-3D94-43B1-9F02-7CDE62AC18EB}.Debug|iPhoneSimulator.Build.0 = Debug|Any CPU
		{E5FB6CCB-3D94-43B1-9F02-7CDE62AC18EB}.Debug|iPhoneSimulator.Deploy.0 = Debug|Any CPU
		{E5FB6CCB-3D94-43B1-9F02-7CDE62AC18EB}.Debug|x64.ActiveCfg = Debug|Any CPU
		{E5FB6CCB-3D94-43B1-9F02-7CDE62AC18EB}.Debug|x64.Build.0 = Debug|Any CPU
		{E5FB6CCB-3D94-43B1-9F02-7CDE62AC18EB}.Debug|x64.Deploy.0 = Debug|Any CPU
		{E5FB6CCB-3D94-43B1-9F02-7CDE62AC18EB}.Debug|x86.ActiveCfg = Debug|Any CPU
		{E5FB6CCB-3D94-43B1-9F02-7CDE62AC18EB}.Debug|x86.Build.0 = Debug|Any CPU
		{E5FB6CCB-3D94-43B1-9F02-7CDE62AC18EB}.Debug|x86.Deploy.0 = Debug|Any CPU
		{E5FB6CCB-3D94-43B1-9F02-7CDE62AC18EB}.Release|Any CPU.ActiveCfg = Release|Any CPU
		{E5FB6CCB-3D94-43B1-9F02-7CDE62AC18EB}.Release|Any CPU.Build.0 = Release|Any CPU
		{E5FB6CCB-3D94-43B1-9F02-7CDE62AC18EB}.Release|Any CPU.Deploy.0 = Release|Any CPU
		{E5FB6CCB-3D94-43B1-9F02-7CDE62AC18EB}.Release|ARM.ActiveCfg = Release|Any CPU
		{E5FB6CCB-3D94-43B1-9F02-7CDE62AC18EB}.Release|ARM.Build.0 = Release|Any CPU
		{E5FB6CCB-3D94-43B1-9F02-7CDE62AC18EB}.Release|ARM.Deploy.0 = Release|Any CPU
		{E5FB6CCB-3D94-43B1-9F02-7CDE62AC18EB}.Release|iPhone.ActiveCfg = Release|Any CPU
		{E5FB6CCB-3D94-43B1-9F02-7CDE62AC18EB}.Release|iPhone.Build.0 = Release|Any CPU
		{E5FB6CCB-3D94-43B1-9F02-7CDE62AC18EB}.Release|iPhone.Deploy.0 = Release|Any CPU
		{E5FB6CCB-3D94-43B1-9F02-7CDE62AC18EB}.Release|iPhoneSimulator.ActiveCfg = Release|Any CPU
		{E5FB6CCB-3D94-43B1-9F02-7CDE62AC18EB}.Release|iPhoneSimulator.Build.0 = Release|Any CPU
		{E5FB6CCB-3D94-43B1-9F02-7CDE62AC18EB}.Release|iPhoneSimulator.Deploy.0 = Release|Any CPU
		{E5FB6CCB-3D94-43B1-9F02-7CDE62AC18EB}.Release|x64.ActiveCfg = Release|Any CPU
		{E5FB6CCB-3D94-43B1-9F02-7CDE62AC18EB}.Release|x64.Build.0 = Release|Any CPU
		{E5FB6CCB-3D94-43B1-9F02-7CDE62AC18EB}.Release|x64.Deploy.0 = Release|Any CPU
		{E5FB6CCB-3D94-43B1-9F02-7CDE62AC18EB}.Release|x86.ActiveCfg = Release|Any CPU
		{E5FB6CCB-3D94-43B1-9F02-7CDE62AC18EB}.Release|x86.Build.0 = Release|Any CPU
		{E5FB6CCB-3D94-43B1-9F02-7CDE62AC18EB}.Release|x86.Deploy.0 = Release|Any CPU
		{828DE5CB-DA62-4D12-BF86-29132BFC7CA2}.Ad-Hoc|Any CPU.ActiveCfg = Ad-Hoc|iPhone
		{828DE5CB-DA62-4D12-BF86-29132BFC7CA2}.Ad-Hoc|ARM.ActiveCfg = Ad-Hoc|iPhone
		{828DE5CB-DA62-4D12-BF86-29132BFC7CA2}.Ad-Hoc|iPhone.ActiveCfg = Ad-Hoc|iPhone
		{828DE5CB-DA62-4D12-BF86-29132BFC7CA2}.Ad-Hoc|iPhone.Build.0 = Ad-Hoc|iPhone
		{828DE5CB-DA62-4D12-BF86-29132BFC7CA2}.Ad-Hoc|iPhoneSimulator.ActiveCfg = Ad-Hoc|iPhoneSimulator
		{828DE5CB-DA62-4D12-BF86-29132BFC7CA2}.Ad-Hoc|iPhoneSimulator.Build.0 = Ad-Hoc|iPhoneSimulator
		{828DE5CB-DA62-4D12-BF86-29132BFC7CA2}.Ad-Hoc|x64.ActiveCfg = Ad-Hoc|iPhone
		{828DE5CB-DA62-4D12-BF86-29132BFC7CA2}.Ad-Hoc|x86.ActiveCfg = Ad-Hoc|iPhone
		{828DE5CB-DA62-4D12-BF86-29132BFC7CA2}.AppStore|Any CPU.ActiveCfg = AppStore|iPhone
		{828DE5CB-DA62-4D12-BF86-29132BFC7CA2}.AppStore|ARM.ActiveCfg = AppStore|iPhone
		{828DE5CB-DA62-4D12-BF86-29132BFC7CA2}.AppStore|iPhone.ActiveCfg = AppStore|iPhone
		{828DE5CB-DA62-4D12-BF86-29132BFC7CA2}.AppStore|iPhone.Build.0 = AppStore|iPhone
		{828DE5CB-DA62-4D12-BF86-29132BFC7CA2}.AppStore|iPhoneSimulator.ActiveCfg = AppStore|iPhoneSimulator
		{828DE5CB-DA62-4D12-BF86-29132BFC7CA2}.AppStore|iPhoneSimulator.Build.0 = AppStore|iPhoneSimulator
		{828DE5CB-DA62-4D12-BF86-29132BFC7CA2}.AppStore|x64.ActiveCfg = AppStore|iPhone
		{828DE5CB-DA62-4D12-BF86-29132BFC7CA2}.AppStore|x86.ActiveCfg = AppStore|iPhone
		{828DE5CB-DA62-4D12-BF86-29132BFC7CA2}.Debug|Any CPU.ActiveCfg = Debug|iPhone
		{828DE5CB-DA62-4D12-BF86-29132BFC7CA2}.Debug|ARM.ActiveCfg = Debug|iPhone
		{828DE5CB-DA62-4D12-BF86-29132BFC7CA2}.Debug|iPhone.ActiveCfg = Debug|iPhone
		{828DE5CB-DA62-4D12-BF86-29132BFC7CA2}.Debug|iPhone.Build.0 = Debug|iPhone
		{828DE5CB-DA62-4D12-BF86-29132BFC7CA2}.Debug|iPhoneSimulator.ActiveCfg = Debug|iPhoneSimulator
		{828DE5CB-DA62-4D12-BF86-29132BFC7CA2}.Debug|iPhoneSimulator.Build.0 = Debug|iPhoneSimulator
		{828DE5CB-DA62-4D12-BF86-29132BFC7CA2}.Debug|x64.ActiveCfg = Debug|iPhone
		{828DE5CB-DA62-4D12-BF86-29132BFC7CA2}.Debug|x86.ActiveCfg = Debug|iPhone
		{828DE5CB-DA62-4D12-BF86-29132BFC7CA2}.Release|Any CPU.ActiveCfg = Release|iPhone
		{828DE5CB-DA62-4D12-BF86-29132BFC7CA2}.Release|ARM.ActiveCfg = Release|iPhone
		{828DE5CB-DA62-4D12-BF86-29132BFC7CA2}.Release|iPhone.ActiveCfg = Release|iPhone
		{828DE5CB-DA62-4D12-BF86-29132BFC7CA2}.Release|iPhone.Build.0 = Release|iPhone
		{828DE5CB-DA62-4D12-BF86-29132BFC7CA2}.Release|iPhoneSimulator.ActiveCfg = Release|iPhoneSimulator
		{828DE5CB-DA62-4D12-BF86-29132BFC7CA2}.Release|iPhoneSimulator.Build.0 = Release|iPhoneSimulator
		{828DE5CB-DA62-4D12-BF86-29132BFC7CA2}.Release|x64.ActiveCfg = Release|iPhone
		{828DE5CB-DA62-4D12-BF86-29132BFC7CA2}.Release|x86.ActiveCfg = Release|iPhone
		{A9C73F0B-600D-4066-9182-D157F0132063}.Ad-Hoc|Any CPU.ActiveCfg = Release|x86
		{A9C73F0B-600D-4066-9182-D157F0132063}.Ad-Hoc|Any CPU.Build.0 = Release|x86
		{A9C73F0B-600D-4066-9182-D157F0132063}.Ad-Hoc|Any CPU.Deploy.0 = Release|x86
		{A9C73F0B-600D-4066-9182-D157F0132063}.Ad-Hoc|ARM.ActiveCfg = Release|ARM
		{A9C73F0B-600D-4066-9182-D157F0132063}.Ad-Hoc|ARM.Build.0 = Release|ARM
		{A9C73F0B-600D-4066-9182-D157F0132063}.Ad-Hoc|ARM.Deploy.0 = Release|ARM
		{A9C73F0B-600D-4066-9182-D157F0132063}.Ad-Hoc|iPhone.ActiveCfg = Release|x86
		{A9C73F0B-600D-4066-9182-D157F0132063}.Ad-Hoc|iPhone.Build.0 = Release|x86
		{A9C73F0B-600D-4066-9182-D157F0132063}.Ad-Hoc|iPhone.Deploy.0 = Release|x86
		{A9C73F0B-600D-4066-9182-D157F0132063}.Ad-Hoc|iPhoneSimulator.ActiveCfg = Release|x86
		{A9C73F0B-600D-4066-9182-D157F0132063}.Ad-Hoc|iPhoneSimulator.Build.0 = Release|x86
		{A9C73F0B-600D-4066-9182-D157F0132063}.Ad-Hoc|iPhoneSimulator.Deploy.0 = Release|x86
		{A9C73F0B-600D-4066-9182-D157F0132063}.Ad-Hoc|x64.ActiveCfg = Release|x64
		{A9C73F0B-600D-4066-9182-D157F0132063}.Ad-Hoc|x64.Build.0 = Release|x64
		{A9C73F0B-600D-4066-9182-D157F0132063}.Ad-Hoc|x64.Deploy.0 = Release|x64
		{A9C73F0B-600D-4066-9182-D157F0132063}.Ad-Hoc|x86.ActiveCfg = Release|x86
		{A9C73F0B-600D-4066-9182-D157F0132063}.Ad-Hoc|x86.Build.0 = Release|x86
		{A9C73F0B-600D-4066-9182-D157F0132063}.Ad-Hoc|x86.Deploy.0 = Release|x86
		{A9C73F0B-600D-4066-9182-D157F0132063}.AppStore|Any CPU.ActiveCfg = Release|x86
		{A9C73F0B-600D-4066-9182-D157F0132063}.AppStore|Any CPU.Build.0 = Release|x86
		{A9C73F0B-600D-4066-9182-D157F0132063}.AppStore|Any CPU.Deploy.0 = Release|x86
		{A9C73F0B-600D-4066-9182-D157F0132063}.AppStore|ARM.ActiveCfg = Release|ARM
		{A9C73F0B-600D-4066-9182-D157F0132063}.AppStore|ARM.Build.0 = Release|ARM
		{A9C73F0B-600D-4066-9182-D157F0132063}.AppStore|ARM.Deploy.0 = Release|ARM
		{A9C73F0B-600D-4066-9182-D157F0132063}.AppStore|iPhone.ActiveCfg = Release|x86
		{A9C73F0B-600D-4066-9182-D157F0132063}.AppStore|iPhone.Build.0 = Release|x86
		{A9C73F0B-600D-4066-9182-D157F0132063}.AppStore|iPhone.Deploy.0 = Release|x86
		{A9C73F0B-600D-4066-9182-D157F0132063}.AppStore|iPhoneSimulator.ActiveCfg = Release|x86
		{A9C73F0B-600D-4066-9182-D157F0132063}.AppStore|iPhoneSimulator.Build.0 = Release|x86
		{A9C73F0B-600D-4066-9182-D157F0132063}.AppStore|iPhoneSimulator.Deploy.0 = Release|x86
		{A9C73F0B-600D-4066-9182-D157F0132063}.AppStore|x64.ActiveCfg = Release|x64
		{A9C73F0B-600D-4066-9182-D157F0132063}.AppStore|x64.Build.0 = Release|x64
		{A9C73F0B-600D-4066-9182-D157F0132063}.AppStore|x64.Deploy.0 = Release|x64
		{A9C73F0B-600D-4066-9182-D157F0132063}.AppStore|x86.ActiveCfg = Release|x86
		{A9C73F0B-600D-4066-9182-D157F0132063}.AppStore|x86.Build.0 = Release|x86
		{A9C73F0B-600D-4066-9182-D157F0132063}.AppStore|x86.Deploy.0 = Release|x86
		{A9C73F0B-600D-4066-9182-D157F0132063}.Debug|Any CPU.ActiveCfg = Debug|x86
		{A9C73F0B-600D-4066-9182-D157F0132063}.Debug|ARM.ActiveCfg = Debug|ARM
		{A9C73F0B-600D-4066-9182-D157F0132063}.Debug|ARM.Build.0 = Debug|ARM
		{A9C73F0B-600D-4066-9182-D157F0132063}.Debug|ARM.Deploy.0 = Debug|ARM
		{A9C73F0B-600D-4066-9182-D157F0132063}.Debug|iPhone.ActiveCfg = Debug|x86
		{A9C73F0B-600D-4066-9182-D157F0132063}.Debug|iPhoneSimulator.ActiveCfg = Debug|x86
		{A9C73F0B-600D-4066-9182-D157F0132063}.Debug|x64.ActiveCfg = Debug|x64
		{A9C73F0B-600D-4066-9182-D157F0132063}.Debug|x64.Build.0 = Debug|x64
		{A9C73F0B-600D-4066-9182-D157F0132063}.Debug|x64.Deploy.0 = Debug|x64
		{A9C73F0B-600D-4066-9182-D157F0132063}.Debug|x86.ActiveCfg = Debug|x86
		{A9C73F0B-600D-4066-9182-D157F0132063}.Debug|x86.Build.0 = Debug|x86
		{A9C73F0B-600D-4066-9182-D157F0132063}.Debug|x86.Deploy.0 = Debug|x86
		{A9C73F0B-600D-4066-9182-D157F0132063}.Release|Any CPU.ActiveCfg = Release|x86
		{A9C73F0B-600D-4066-9182-D157F0132063}.Release|ARM.ActiveCfg = Release|ARM
		{A9C73F0B-600D-4066-9182-D157F0132063}.Release|ARM.Build.0 = Release|ARM
		{A9C73F0B-600D-4066-9182-D157F0132063}.Release|ARM.Deploy.0 = Release|ARM
		{A9C73F0B-600D-4066-9182-D157F0132063}.Release|iPhone.ActiveCfg = Release|x86
		{A9C73F0B-600D-4066-9182-D157F0132063}.Release|iPhoneSimulator.ActiveCfg = Release|x86
		{A9C73F0B-600D-4066-9182-D157F0132063}.Release|x64.ActiveCfg = Release|x64
		{A9C73F0B-600D-4066-9182-D157F0132063}.Release|x64.Build.0 = Release|x64
		{A9C73F0B-600D-4066-9182-D157F0132063}.Release|x64.Deploy.0 = Release|x64
		{A9C73F0B-600D-4066-9182-D157F0132063}.Release|x86.ActiveCfg = Release|x86
		{A9C73F0B-600D-4066-9182-D157F0132063}.Release|x86.Build.0 = Release|x86
		{A9C73F0B-600D-4066-9182-D157F0132063}.Release|x86.Deploy.0 = Release|x86
		{328A5AD8-B156-4661-9AAB-F9409E078DA8}.Ad-Hoc|Any CPU.ActiveCfg = Debug|Any CPU
		{328A5AD8-B156-4661-9AAB-F9409E078DA8}.Ad-Hoc|Any CPU.Build.0 = Debug|Any CPU
		{328A5AD8-B156-4661-9AAB-F9409E078DA8}.Ad-Hoc|ARM.ActiveCfg = Debug|Any CPU
		{328A5AD8-B156-4661-9AAB-F9409E078DA8}.Ad-Hoc|ARM.Build.0 = Debug|Any CPU
		{328A5AD8-B156-4661-9AAB-F9409E078DA8}.Ad-Hoc|iPhone.ActiveCfg = Debug|Any CPU
		{328A5AD8-B156-4661-9AAB-F9409E078DA8}.Ad-Hoc|iPhone.Build.0 = Debug|Any CPU
		{328A5AD8-B156-4661-9AAB-F9409E078DA8}.Ad-Hoc|iPhoneSimulator.ActiveCfg = Debug|Any CPU
		{328A5AD8-B156-4661-9AAB-F9409E078DA8}.Ad-Hoc|iPhoneSimulator.Build.0 = Debug|Any CPU
		{328A5AD8-B156-4661-9AAB-F9409E078DA8}.Ad-Hoc|x64.ActiveCfg = Debug|Any CPU
		{328A5AD8-B156-4661-9AAB-F9409E078DA8}.Ad-Hoc|x64.Build.0 = Debug|Any CPU
		{328A5AD8-B156-4661-9AAB-F9409E078DA8}.Ad-Hoc|x86.ActiveCfg = Debug|Any CPU
		{328A5AD8-B156-4661-9AAB-F9409E078DA8}.Ad-Hoc|x86.Build.0 = Debug|Any CPU
		{328A5AD8-B156-4661-9AAB-F9409E078DA8}.AppStore|Any CPU.ActiveCfg = Debug|Any CPU
		{328A5AD8-B156-4661-9AAB-F9409E078DA8}.AppStore|Any CPU.Build.0 = Debug|Any CPU
		{328A5AD8-B156-4661-9AAB-F9409E078DA8}.AppStore|ARM.ActiveCfg = Debug|Any CPU
		{328A5AD8-B156-4661-9AAB-F9409E078DA8}.AppStore|ARM.Build.0 = Debug|Any CPU
		{328A5AD8-B156-4661-9AAB-F9409E078DA8}.AppStore|iPhone.ActiveCfg = Debug|Any CPU
		{328A5AD8-B156-4661-9AAB-F9409E078DA8}.AppStore|iPhone.Build.0 = Debug|Any CPU
		{328A5AD8-B156-4661-9AAB-F9409E078DA8}.AppStore|iPhoneSimulator.ActiveCfg = Debug|Any CPU
		{328A5AD8-B156-4661-9AAB-F9409E078DA8}.AppStore|iPhoneSimulator.Build.0 = Debug|Any CPU
		{328A5AD8-B156-4661-9AAB-F9409E078DA8}.AppStore|x64.ActiveCfg = Debug|Any CPU
		{328A5AD8-B156-4661-9AAB-F9409E078DA8}.AppStore|x64.Build.0 = Debug|Any CPU
		{328A5AD8-B156-4661-9AAB-F9409E078DA8}.AppStore|x86.ActiveCfg = Debug|Any CPU
		{328A5AD8-B156-4661-9AAB-F9409E078DA8}.AppStore|x86.Build.0 = Debug|Any CPU
		{328A5AD8-B156-4661-9AAB-F9409E078DA8}.Debug|Any CPU.ActiveCfg = Debug|Any CPU
		{328A5AD8-B156-4661-9AAB-F9409E078DA8}.Debug|Any CPU.Build.0 = Debug|Any CPU
		{328A5AD8-B156-4661-9AAB-F9409E078DA8}.Debug|ARM.ActiveCfg = Debug|Any CPU
		{328A5AD8-B156-4661-9AAB-F9409E078DA8}.Debug|ARM.Build.0 = Debug|Any CPU
		{328A5AD8-B156-4661-9AAB-F9409E078DA8}.Debug|iPhone.ActiveCfg = Debug|Any CPU
		{328A5AD8-B156-4661-9AAB-F9409E078DA8}.Debug|iPhone.Build.0 = Debug|Any CPU
		{328A5AD8-B156-4661-9AAB-F9409E078DA8}.Debug|iPhoneSimulator.ActiveCfg = Debug|Any CPU
		{328A5AD8-B156-4661-9AAB-F9409E078DA8}.Debug|iPhoneSimulator.Build.0 = Debug|Any CPU
		{328A5AD8-B156-4661-9AAB-F9409E078DA8}.Debug|x64.ActiveCfg = Debug|Any CPU
		{328A5AD8-B156-4661-9AAB-F9409E078DA8}.Debug|x64.Build.0 = Debug|Any CPU
		{328A5AD8-B156-4661-9AAB-F9409E078DA8}.Debug|x86.ActiveCfg = Debug|Any CPU
		{328A5AD8-B156-4661-9AAB-F9409E078DA8}.Debug|x86.Build.0 = Debug|Any CPU
		{328A5AD8-B156-4661-9AAB-F9409E078DA8}.Release|Any CPU.ActiveCfg = Release|Any CPU
		{328A5AD8-B156-4661-9AAB-F9409E078DA8}.Release|Any CPU.Build.0 = Release|Any CPU
		{328A5AD8-B156-4661-9AAB-F9409E078DA8}.Release|ARM.ActiveCfg = Release|Any CPU
		{328A5AD8-B156-4661-9AAB-F9409E078DA8}.Release|ARM.Build.0 = Release|Any CPU
		{328A5AD8-B156-4661-9AAB-F9409E078DA8}.Release|iPhone.ActiveCfg = Release|Any CPU
		{328A5AD8-B156-4661-9AAB-F9409E078DA8}.Release|iPhone.Build.0 = Release|Any CPU
		{328A5AD8-B156-4661-9AAB-F9409E078DA8}.Release|iPhoneSimulator.ActiveCfg = Release|Any CPU
		{328A5AD8-B156-4661-9AAB-F9409E078DA8}.Release|iPhoneSimulator.Build.0 = Release|Any CPU
		{328A5AD8-B156-4661-9AAB-F9409E078DA8}.Release|x64.ActiveCfg = Release|Any CPU
		{328A5AD8-B156-4661-9AAB-F9409E078DA8}.Release|x64.Build.0 = Release|Any CPU
		{328A5AD8-B156-4661-9AAB-F9409E078DA8}.Release|x86.ActiveCfg = Release|Any CPU
		{328A5AD8-B156-4661-9AAB-F9409E078DA8}.Release|x86.Build.0 = Release|Any CPU
	EndGlobalSection
	GlobalSection(SolutionProperties) = preSolution
		HideSolutionNode = FALSE
	EndGlobalSection
	GlobalSection(ExtensibilityGlobals) = postSolution
		SolutionGuid = {0435CE9D-21D9-4E3A-AA85-F80F4C7A892B}
	EndGlobalSection
EndGlobal
